
Microsoft Visual Studio Solution File, Format Version 12.00
# Visual Studio Version 17
VisualStudioVersion = 17.0.32014.148
MinimumVisualStudioVersion = 10.0.40219.1
Project("{9A19103F-16F7-4668-BE54-9A1E7A4F7556}") = "ProductCliTool", "ProductCliTool\ProductCliTool.csproj", "{EF698E3F-543B-4B88-B5A0-E3AEB5F9E9A0}"
EndProject
Project("{FAE04EC0-301F-11D3-BF4B-00C04F79EFBC}") = "ProductCli.Core", "ProductCli.Core\ProductCli.Core.csproj", "{54931E68-8477-436E-A79D-F874C5045DBB}"
EndProject
Project("{FAE04EC0-301F-11D3-BF4B-00C04F79EFBC}") = "ProductCli.Implementation", "ProductCli.Implementation\ProductCli.Implementation.csproj", "{94B15F69-45A9-453A-8585-E1405147F823}"
EndProject
Project("{FAE04EC0-301F-11D3-BF4B-00C04F79EFBC}") = "ProductCli.Implementation.Tests", "ProductCli.Implementation.Tests\ProductCli.Implementation.Tests.csproj", "{A8E7F680-413A-4B03-A7FB-517C7E10622E}"
EndProject
Global
	GlobalSection(SolutionConfigurationPlatforms) = preSolution
		Debug|Any CPU = Debug|Any CPU
		Release|Any CPU = Release|Any CPU
	EndGlobalSection
	GlobalSection(ProjectConfigurationPlatforms) = postSolution
		{EF698E3F-543B-4B88-B5A0-E3AEB5F9E9A0}.Debug|Any CPU.ActiveCfg = Debug|Any CPU
		{EF698E3F-543B-4B88-B5A0-E3AEB5F9E9A0}.Debug|Any CPU.Build.0 = Debug|Any CPU
		{EF698E3F-543B-4B88-B5A0-E3AEB5F9E9A0}.Release|Any CPU.ActiveCfg = Release|Any CPU
		{EF698E3F-543B-4B88-B5A0-E3AEB5F9E9A0}.Release|Any CPU.Build.0 = Release|Any CPU
		{54931E68-8477-436E-A79D-F874C5045DBB}.Debug|Any CPU.ActiveCfg = Debug|Any CPU
		{54931E68-8477-436E-A79D-F874C5045DBB}.Debug|Any CPU.Build.0 = Debug|Any CPU
		{54931E68-8477-436E-A79D-F874C5045DBB}.Release|Any CPU.ActiveCfg = Release|Any CPU
		{54931E68-8477-436E-A79D-F874C5045DBB}.Release|Any CPU.Build.0 = Release|Any CPU
		{94B15F69-45A9-453A-8585-E1405147F823}.Debug|Any CPU.ActiveCfg = Debug|Any CPU
		{94B15F69-45A9-453A-8585-E1405147F823}.Debug|Any CPU.Build.0 = Debug|Any CPU
		{94B15F69-45A9-453A-8585-E1405147F823}.Release|Any CPU.ActiveCfg = Release|Any CPU
		{94B15F69-45A9-453A-8585-E1405147F823}.Release|Any CPU.Build.0 = Release|Any CPU
		{A8E7F680-413A-4B03-A7FB-517C7E10622E}.Debug|Any CPU.ActiveCfg = Debug|Any CPU
		{A8E7F680-413A-4B03-A7FB-517C7E10622E}.Debug|Any CPU.Build.0 = Debug|Any CPU
		{A8E7F680-413A-4B03-A7FB-517C7E10622E}.Release|Any CPU.ActiveCfg = Release|Any CPU
		{A8E7F680-413A-4B03-A7FB-517C7E10622E}.Release|Any CPU.Build.0 = Release|Any CPU
	EndGlobalSection
	GlobalSection(SolutionProperties) = preSolution
		HideSolutionNode = FALSE
	EndGlobalSection
	GlobalSection(ExtensibilityGlobals) = postSolution
		SolutionGuid = {85208922-5701-4E37-B64D-D9B602CFAE24}
	EndGlobalSection
EndGlobal
